PODS:
  - MagicalRecord (2.3.2):
    - MagicalRecord/Core (= 2.3.2)
  - MagicalRecord/Core (2.3.2)
  - Masonry (1.0.1)
  - MWFeedParser (1.0.1):
    - MWFeedParser/FeedParser (= 1.0.1)
    - MWFeedParser/NSDate+InternetDateTime (= 1.0.1)
    - MWFeedParser/NSString+HTML (= 1.0.1)
  - MWFeedParser/FeedParser (1.0.1):
    - MWFeedParser/NSDate+InternetDateTime
    - MWFeedParser/NSString+HTML
  - MWFeedParser/NSDate+InternetDateTime (1.0.1)
  - MWFeedParser/NSString+HTML (1.0.1)
  - SDWebImage (3.8.1):
    - SDWebImage/Core (= 3.8.1)
  - SDWebImage/Core (3.8.1)
  - Typhoon (3.5.0):
    - Typhoon/no-arc (= 3.5.0)
  - Typhoon/no-arc (3.5.0)

DEPENDENCIES:
  - MagicalRecord
  - Masonry
  - MWFeedParser
  - SDWebImage
  - Typhoon

SPEC CHECKSUMS:
  MagicalRecord: 53bed74b4323b930992a725be713e53b37d19755
  Masonry: a1a931a0d08870ed8ae415a2ea5ea68ebcac77df
  MWFeedParser: 2cf646014c1baf6ad1b08c480b40a08180079247
  SDWebImage: 35f9627a3e44b4f292a8a8ce6a531fa488239b91
  Typhoon: 6def9f3abad5be6b2c035103c7dde1c887c48e45

PODFILE CHECKSUM: e040deb7a0221a9519240e0bca2d663b115676c5

COCOAPODS: 1.0.1
